
Microsoft Visual Studio Solution File, Format Version 12.00
# Visual Studio Version 17
VisualStudioVersion = 17.8.34525.116
MinimumVisualStudioVersion = 10.0.40219.1
Project("{FAE04EC0-301F-11D3-BF4B-00C04F79EFBC}") = "UserSync", "UserSync.csproj", "{DE3FECBF-B4BC-4363-BC3B-342398CAE928}"
EndProject
Global
	GlobalSection(SolutionConfigurationPlatforms) = preSolution
		Debug|Any CPU = Debug|Any CPU
		Release|Any CPU = Release|Any CPU
	EndGlobalSection
	GlobalSection(ProjectConfigurationPlatforms) = postSolution
		{DE3FECBF-B4BC-4363-BC3B-342398CAE928}.Debug|Any CPU.ActiveCfg = Debug|Any CPU
		{DE3FECBF-B4BC-4363-BC3B-342398CAE928}.Debug|Any CPU.Build.0 = Debug|Any CPU
		{DE3FECBF-B4BC-4363-BC3B-342398CAE928}.Release|Any CPU.ActiveCfg = Release|Any CPU
		{DE3FECBF-B4BC-4363-BC3B-342398CAE928}.Release|Any CPU.Build.0 = Release|Any CPU
	EndGlobalSection
	GlobalSection(SolutionProperties) = preSolution
		HideSolutionNode = FALSE
	EndGlobalSection
	GlobalSection(ExtensibilityGlobals) = postSolution
		SolutionGuid = {913684E7-7BC8-4966-8B56-FC2D6F07581B}
	EndGlobalSection
EndGlobal
